// !$*UTF8*$!
{
	archiveVersion = 1;
	classes = {
	};
	objectVersion = 56;
	objects = {

/* Begin PBXBuildFile section */
		07AB10B22B257FC200817888 /* OurTrakr.xcdatamodeld in Sources */ = {isa = PBXBuildFile; fileRef = 07AB10B02B257FC200817888 /* OurTrakr.xcdatamodeld */; };
		07AB10C82B25816E00817888 /* DataController.swift in Sources */ = {isa = PBXBuildFile; fileRef = 07AB10C72B25816E00817888 /* DataController.swift */; };
		07AB10CB2B258B1A00817888 /* JobListItemV.swift in Sources */ = {isa = PBXBuildFile; fileRef = 07AB10CA2B258B1A00817888 /* JobListItemV.swift */; };
		07AB10CD2B258B6E00817888 /* JobDetailV.swift in Sources */ = {isa = PBXBuildFile; fileRef = 07AB10CC2B258B6E00817888 /* JobDetailV.swift */; };
		07AB10D22B2593AE00817888 /* AddShiftV.swift in Sources */ = {isa = PBXBuildFile; fileRef = 07AB10D12B2593AE00817888 /* AddShiftV.swift */; };
		07AB10D52B26180200817888 /* Date.swift in Sources */ = {isa = PBXBuildFile; fileRef = 07AB10D42B26180200817888 /* Date.swift */; };
		07AB10DB2B261D7000817888 /* AddJobV.swift in Sources */ = {isa = PBXBuildFile; fileRef = 07AB10DA2B261D7000817888 /* AddJobV.swift */; };
		07AB10DD2B26351C00817888 /* String.swift in Sources */ = {isa = PBXBuildFile; fileRef = 07AB10DC2B26351C00817888 /* String.swift */; };
		07C448BB2B257A8700AA0FA8 /* OurTrakrApp.swift in Sources */ = {isa = PBXBuildFile; fileRef = 07C448BA2B257A8700AA0FA8 /* OurTrakrApp.swift */; };
		07C448BD2B257A8700AA0FA8 /* ContentView.swift in Sources */ = {isa = PBXBuildFile; fileRef = 07C448BC2B257A8700AA0FA8 /* ContentView.swift */; };
		07C448BF2B257A8900AA0FA8 /* Assets.xcassets in Resources */ = {isa = PBXBuildFile; fileRef = 07C448BE2B257A8900AA0FA8 /* Assets.xcassets */; };
		07C448C22B257A8900AA0FA8 /* Preview Assets.xcassets in Resources */ = {isa = PBXBuildFile; fileRef = 07C448C12B257A8900AA0FA8 /* Preview Assets.xcassets */; };
		996B12668F47FFDA3D0D1480 /* Pods_OurTrakr.framework in Frameworks */ = {isa = PBXBuildFile; fileRef = B49E0DAF9F382E093239DD7E /* Pods_OurTrakr.framework */; };
		B5F4C8272B49F30000D1AE76 /* PayPeriodDetailV.swift in Sources */ = {isa = PBXBuildFile; fileRef = B5F4C8262B49F30000D1AE76 /* PayPeriodDetailV.swift */; };
		B5F4C8392B49F8A100D1AE76 /* Shift+CoreDataClass.swift in Sources */ = {isa = PBXBuildFile; fileRef = B5F4C8362B49F8A000D1AE76 /* Shift+CoreDataClass.swift */; };
		B5F4C83A2B49F8A100D1AE76 /* Job+CoreDataClass.swift in Sources */ = {isa = PBXBuildFile; fileRef = B5F4C8372B49F8A000D1AE76 /* Job+CoreDataClass.swift */; };
		B5F4C83B2B49F8A100D1AE76 /* PayPeriod+CoreDataClass.swift in Sources */ = {isa = PBXBuildFile; fileRef = B5F4C8382B49F8A000D1AE76 /* PayPeriod+CoreDataClass.swift */; };
		B5F4C8402B49F9F100D1AE76 /* Job+CoreDataProperties.swift in Sources */ = {isa = PBXBuildFile; fileRef = B5F4C83D2B49F9F100D1AE76 /* Job+CoreDataProperties.swift */; };
		B5F4C8412B49F9F100D1AE76 /* Shift+CoreDataProperties.swift in Sources */ = {isa = PBXBuildFile; fileRef = B5F4C83E2B49F9F100D1AE76 /* Shift+CoreDataProperties.swift */; };
		B5F4C8422B49F9F100D1AE76 /* PayPeriod+CoreDataProperties.swift in Sources */ = {isa = PBXBuildFile; fileRef = B5F4C83F2B49F9F100D1AE76 /* PayPeriod+CoreDataProperties.swift */; };
/* End PBXBuildFile section */

/* Begin PBXFileReference section */
		07AB10B12B257FC200817888 /* OurTrakr.xcdatamodel */ = {isa = PBXFileReference; lastKnownFileType = wrapper.xcdatamodel; path = OurTrakr.xcdatamodel; sourceTree = "<group>"; };
		07AB10C72B25816E00817888 /* DataController.swift */ = {isa = PBXFileReference; fileEncoding = 4; lastKnownFileType = sourcecode.swift; path = DataController.swift; sourceTree = "<group>"; };
		07AB10CA2B258B1A00817888 /* JobListItemV.swift */ = {isa = PBXFileReference; lastKnownFileType = sourcecode.swift; path = JobListItemV.swift; sourceTree = "<group>"; };
		07AB10CC2B258B6E00817888 /* JobDetailV.swift */ = {isa = PBXFileReference; lastKnownFileType = sourcecode.swift; path = JobDetailV.swift; sourceTree = "<group>"; };
		07AB10D12B2593AE00817888 /* AddShiftV.swift */ = {isa = PBXFileReference; lastKnownFileType = sourcecode.swift; path = AddShiftV.swift; sourceTree = "<group>"; };
		07AB10D42B26180200817888 /* Date.swift */ = {isa = PBXFileReference; lastKnownFileType = sourcecode.swift; path = Date.swift; sourceTree = "<group>"; };
		07AB10DA2B261D7000817888 /* AddJobV.swift */ = {isa = PBXFileReference; lastKnownFileType = sourcecode.swift; path = AddJobV.swift; sourceTree = "<group>"; };
		07AB10DC2B26351C00817888 /* String.swift */ = {isa = PBXFileReference; lastKnownFileType = sourcecode.swift; path = String.swift; sourceTree = "<group>"; };
		07C448B72B257A8700AA0FA8 /* OurTrakr.app */ = {isa = PBXFileReference; explicitFileType = wrapper.application; includeInIndex = 0; path = OurTrakr.app; sourceTree = BUILT_PRODUCTS_DIR; };
		07C448BA2B257A8700AA0FA8 /* OurTrakrApp.swift */ = {isa = PBXFileReference; lastKnownFileType = sourcecode.swift; path = OurTrakrApp.swift; sourceTree = "<group>"; };
		07C448BC2B257A8700AA0FA8 /* ContentView.swift */ = {isa = PBXFileReference; lastKnownFileType = sourcecode.swift; path = ContentView.swift; sourceTree = "<group>"; };
		07C448BE2B257A8900AA0FA8 /* Assets.xcassets */ = {isa = PBXFileReference; lastKnownFileType = folder.assetcatalog; path = Assets.xcassets; sourceTree = "<group>"; };
		07C448C12B257A8900AA0FA8 /* Preview Assets.xcassets */ = {isa = PBXFileReference; lastKnownFileType = folder.assetcatalog; path = "Preview Assets.xcassets"; sourceTree = "<group>"; };
		11399129BFFD33295D1592D8 /* Pods-OurTrakr.debug.xcconfig */ = {isa = PBXFileReference; includeInIndex = 1; lastKnownFileType = text.xcconfig; name = "Pods-OurTrakr.debug.xcconfig"; path = "Target Support Files/Pods-OurTrakr/Pods-OurTrakr.debug.xcconfig"; sourceTree = "<group>"; };
		B49E0DAF9F382E093239DD7E /* Pods_OurTrakr.framework */ = {isa = PBXFileReference; explicitFileType = wrapper.framework; includeInIndex = 0; path = Pods_OurTrakr.framework; sourceTree = BUILT_PRODUCTS_DIR; };
		B5F4C8262B49F30000D1AE76 /* PayPeriodDetailV.swift */ = {isa = PBXFileReference; lastKnownFileType = sourcecode.swift; path = PayPeriodDetailV.swift; sourceTree = "<group>"; };
		B5F4C8362B49F8A000D1AE76 /* Shift+CoreDataClass.swift */ = {isa = PBXFileReference; fileEncoding = 4; lastKnownFileType = sourcecode.swift; path = "Shift+CoreDataClass.swift"; sourceTree = "<group>"; };
		B5F4C8372B49F8A000D1AE76 /* Job+CoreDataClass.swift */ = {isa = PBXFileReference; fileEncoding = 4; lastKnownFileType = sourcecode.swift; path = "Job+CoreDataClass.swift"; sourceTree = "<group>"; };
		B5F4C8382B49F8A000D1AE76 /* PayPeriod+CoreDataClass.swift */ = {isa = PBXFileReference; fileEncoding = 4; lastKnownFileType = sourcecode.swift; path = "PayPeriod+CoreDataClass.swift"; sourceTree = "<group>"; };
		B5F4C83D2B49F9F100D1AE76 /* Job+CoreDataProperties.swift */ = {isa = PBXFileReference; fileEncoding = 4; lastKnownFileType = sourcecode.swift; path = "Job+CoreDataProperties.swift"; sourceTree = "<group>"; };
		B5F4C83E2B49F9F100D1AE76 /* Shift+CoreDataProperties.swift */ = {isa = PBXFileReference; fileEncoding = 4; lastKnownFileType = sourcecode.swift; path = "Shift+CoreDataProperties.swift"; sourceTree = "<group>"; };
		B5F4C83F2B49F9F100D1AE76 /* PayPeriod+CoreDataProperties.swift */ = {isa = PBXFileReference; fileEncoding = 4; lastKnownFileType = sourcecode.swift; path = "PayPeriod+CoreDataProperties.swift"; sourceTree = "<group>"; };
		F57412C1E27CB51E876530FD /* Pods-OurTrakr.release.xcconfig */ = {isa = PBXFileReference; includeInIndex = 1; lastKnownFileType = text.xcconfig; name = "Pods-OurTrakr.release.xcconfig"; path = "Target Support Files/Pods-OurTrakr/Pods-OurTrakr.release.xcconfig"; sourceTree = "<group>"; };
/* End PBXFileReference section */

/* Begin PBXFrameworksBuildPhase section */
		07C448B42B257A8700AA0FA8 /* Frameworks */ = {
			isa = PBXFrameworksBuildPhase;
			buildActionMask = 2147483647;
			files = (
				996B12668F47FFDA3D0D1480 /* Pods_OurTrakr.framework in Frameworks */,
			);
			runOnlyForDeploymentPostprocessing = 0;
		};
/* End PBXFrameworksBuildPhase section */

/* Begin PBXGroup section */
		07AB10BE2B2580DE00817888 /* Models */ = {
			isa = PBXGroup;
			children = (
				07AB10B02B257FC200817888 /* OurTrakr.xcdatamodeld */,
				07AB10C72B25816E00817888 /* DataController.swift */,
				B5F4C8252B49F25800D1AE76 /* Core Data Properties */,
				B5F4C8372B49F8A000D1AE76 /* Job+CoreDataClass.swift */,
				B5F4C8382B49F8A000D1AE76 /* PayPeriod+CoreDataClass.swift */,
				B5F4C8362B49F8A000D1AE76 /* Shift+CoreDataClass.swift */,
			);
			path = Models;
			sourceTree = "<group>";
		};
		07AB10C92B258B0900817888 /* Jobs */ = {
			isa = PBXGroup;
			children = (
				07AB10DA2B261D7000817888 /* AddJobV.swift */,
				07AB10CC2B258B6E00817888 /* JobDetailV.swift */,
				07AB10CA2B258B1A00817888 /* JobListItemV.swift */,
			);
			path = Jobs;
			sourceTree = "<group>";
		};
		07AB10D02B2593A100817888 /* Shifts */ = {
			isa = PBXGroup;
			children = (
				07AB10D12B2593AE00817888 /* AddShiftV.swift */,
			);
			path = Shifts;
			sourceTree = "<group>";
		};
		07AB10D32B2617EC00817888 /* Non-OurTrakr Extensions */ = {
			isa = PBXGroup;
			children = (
				07AB10D42B26180200817888 /* Date.swift */,
				07AB10DC2B26351C00817888 /* String.swift */,
			);
			path = "Non-OurTrakr Extensions";
			sourceTree = "<group>";
		};
		07C448AE2B257A8700AA0FA8 = {
			isa = PBXGroup;
			children = (
				07C448B92B257A8700AA0FA8 /* OurTrakr */,
				07C448B82B257A8700AA0FA8 /* Products */,
				73B2F836E56077FD3191CB68 /* Pods */,
				15DD5E4E0F3D18C8C163DFAD /* Frameworks */,
			);
			sourceTree = "<group>";
		};
		07C448B82B257A8700AA0FA8 /* Products */ = {
			isa = PBXGroup;
			children = (
				07C448B72B257A8700AA0FA8 /* OurTrakr.app */,
			);
			name = Products;
			sourceTree = "<group>";
		};
		07C448B92B257A8700AA0FA8 /* OurTrakr */ = {
			isa = PBXGroup;
			children = (
				07C448BE2B257A8900AA0FA8 /* Assets.xcassets */,
				07C448BC2B257A8700AA0FA8 /* ContentView.swift */,
				07AB10C92B258B0900817888 /* Jobs */,
				07AB10D02B2593A100817888 /* Shifts */,
				B5F4C83C2B49F94200D1AE76 /* Pay Period */,
				07AB10BE2B2580DE00817888 /* Models */,
				07AB10D32B2617EC00817888 /* Non-OurTrakr Extensions */,
				07C448BA2B257A8700AA0FA8 /* OurTrakrApp.swift */,
				07C448C02B257A8900AA0FA8 /* Preview Content */,
			);
			path = OurTrakr;
			sourceTree = "<group>";
		};
		07C448C02B257A8900AA0FA8 /* Preview Content */ = {
			isa = PBXGroup;
			children = (
				07C448C12B257A8900AA0FA8 /* Preview Assets.xcassets */,
			);
			path = "Preview Content";
			sourceTree = "<group>";
		};
		15DD5E4E0F3D18C8C163DFAD /* Frameworks */ = {
			isa = PBXGroup;
			children = (
				B49E0DAF9F382E093239DD7E /* Pods_OurTrakr.framework */,
			);
			name = Frameworks;
			sourceTree = "<group>";
		};
		73B2F836E56077FD3191CB68 /* Pods */ = {
			isa = PBXGroup;
			children = (
				11399129BFFD33295D1592D8 /* Pods-OurTrakr.debug.xcconfig */,
				F57412C1E27CB51E876530FD /* Pods-OurTrakr.release.xcconfig */,
			);
			path = Pods;
			sourceTree = "<group>";
		};
		B5F4C8252B49F25800D1AE76 /* Core Data Properties */ = {
			isa = PBXGroup;
			children = (
				B5F4C83E2B49F9F100D1AE76 /* Shift+CoreDataProperties.swift */,
				B5F4C83F2B49F9F100D1AE76 /* PayPeriod+CoreDataProperties.swift */,
				B5F4C83D2B49F9F100D1AE76 /* Job+CoreDataProperties.swift */,
			);
			path = "Core Data Properties";
			sourceTree = "<group>";
		};
		B5F4C83C2B49F94200D1AE76 /* Pay Period */ = {
			isa = PBXGroup;
			children = (
				B5F4C8262B49F30000D1AE76 /* PayPeriodDetailV.swift */,
			);
			path = "Pay Period";
			sourceTree = "<group>";
		};
/* End PBXGroup section */

/* Begin PBXNativeTarget section */
		07C448B62B257A8700AA0FA8 /* OurTrakr */ = {
			isa = PBXNativeTarget;
			buildConfigurationList = 07C448C52B257A8900AA0FA8 /* Build configuration list for PBXNativeTarget "OurTrakr" */;
			buildPhases = (
				754E5B01E2B511CDAFA1D72F /* [CP] Check Pods Manifest.lock */,
				07AB10AC2B257B8100817888 /* ShellScript */,
				07C448B32B257A8700AA0FA8 /* Sources */,
				07C448B42B257A8700AA0FA8 /* Frameworks */,
				07C448B52B257A8700AA0FA8 /* Resources */,
			);
			buildRules = (
			);
			dependencies = (
			);
			name = OurTrakr;
			productName = OurTrakr;
			productReference = 07C448B72B257A8700AA0FA8 /* OurTrakr.app */;
			productType = "com.apple.product-type.application";
		};
/* End PBXNativeTarget section */

/* Begin PBXProject section */
		07C448AF2B257A8700AA0FA8 /* Project object */ = {
			isa = PBXProject;
			attributes = {
				BuildIndependentTargetsInParallel = 1;
				LastSwiftUpdateCheck = 1510;
				LastUpgradeCheck = 1510;
				TargetAttributes = {
					07C448B62B257A8700AA0FA8 = {
						CreatedOnToolsVersion = 15.1;
					};
				};
			};
			buildConfigurationList = 07C448B22B257A8700AA0FA8 /* Build configuration list for PBXProject "OurTrakr" */;
			compatibilityVersion = "Xcode 14.0";
			developmentRegion = en;
			hasScannedForEncodings = 0;
			knownRegions = (
				en,
				Base,
			);
			mainGroup = 07C448AE2B257A8700AA0FA8;
			productRefGroup = 07C448B82B257A8700AA0FA8 /* Products */;
			projectDirPath = "";
			projectRoot = "";
			targets = (
				07C448B62B257A8700AA0FA8 /* OurTrakr */,
			);
		};
/* End PBXProject section */

/* Begin PBXResourcesBuildPhase section */
		07C448B52B257A8700AA0FA8 /* Resources */ = {
			isa = PBXResourcesBuildPhase;
			buildActionMask = 2147483647;
			files = (
				07C448C22B257A8900AA0FA8 /* Preview Assets.xcassets in Resources */,
				07C448BF2B257A8900AA0FA8 /* Assets.xcassets in Resources */,
			);
			runOnlyForDeploymentPostprocessing = 0;
		};
/* End PBXResourcesBuildPhase section */

/* Begin PBXShellScriptBuildPhase section */
		07AB10AC2B257B8100817888 /* ShellScript */ = {
			isa = PBXShellScriptBuildPhase;
			alwaysOutOfDate = 1;
			buildActionMask = 2147483647;
			files = (
			);
			inputFileListPaths = (
			);
			inputPaths = (
			);
			outputFileListPaths = (
			);
			outputPaths = (
			);
			runOnlyForDeploymentPostprocessing = 0;
			shellPath = /bin/sh;
			shellScript = "if which swiftlint >/dev/null; then\n    swiftlint\nelse \n    echo \"warning: SwiftLint not installed, download from https://github.com/realm/SwiftLint\"\nfi\n";
		};
		754E5B01E2B511CDAFA1D72F /* [CP] Check Pods Manifest.lock */ = {
			isa = PBXShellScriptBuildPhase;
			buildActionMask = 2147483647;
			files = (
			);
			inputFileListPaths = (
			);
			inputPaths = (
				"${PODS_PODFILE_DIR_PATH}/Podfile.lock",
				"${PODS_ROOT}/Manifest.lock",
			);
			name = "[CP] Check Pods Manifest.lock";
			outputFileListPaths = (
			);
			outputPaths = (
				"$(DERIVED_FILE_DIR)/Pods-OurTrakr-checkManifestLockResult.txt",
			);
			runOnlyForDeploymentPostprocessing = 0;
			shellPath = /bin/sh;
			shellScript = "diff \"${PODS_PODFILE_DIR_PATH}/Podfile.lock\" \"${PODS_ROOT}/Manifest.lock\" > /dev/null\nif [ $? != 0 ] ; then\n    # print error to STDERR\n    echo \"error: The sandbox is not in sync with the Podfile.lock. Run 'pod install' or update your CocoaPods installation.\" >&2\n    exit 1\nfi\n# This output is used by Xcode 'outputs' to avoid re-running this script phase.\necho \"SUCCESS\" > \"${SCRIPT_OUTPUT_FILE_0}\"\n";
			showEnvVarsInLog = 0;
		};
/* End PBXShellScriptBuildPhase section */

/* Begin PBXSourcesBuildPhase section */
		07C448B32B257A8700AA0FA8 /* Sources */ = {
			isa = PBXSourcesBuildPhase;
			buildActionMask = 2147483647;
			files = (
				07C448BD2B257A8700AA0FA8 /* ContentView.swift in Sources */,
				B5F4C83A2B49F8A100D1AE76 /* Job+CoreDataClass.swift in Sources */,
				B5F4C8412B49F9F100D1AE76 /* Shift+CoreDataProperties.swift in Sources */,
				07C448BB2B257A8700AA0FA8 /* OurTrakrApp.swift in Sources */,
				07AB10DD2B26351C00817888 /* String.swift in Sources */,
				07AB10CD2B258B6E00817888 /* JobDetailV.swift in Sources */,
				B5F4C83B2B49F8A100D1AE76 /* PayPeriod+CoreDataClass.swift in Sources */,
				07AB10CB2B258B1A00817888 /* JobListItemV.swift in Sources */,
				B5F4C8272B49F30000D1AE76 /* PayPeriodDetailV.swift in Sources */,
				07AB10B22B257FC200817888 /* OurTrakr.xcdatamodeld in Sources */,
				07AB10D52B26180200817888 /* Date.swift in Sources */,
				07AB10C82B25816E00817888 /* DataController.swift in Sources */,
				B5F4C8422B49F9F100D1AE76 /* PayPeriod+CoreDataProperties.swift in Sources */,
				B5F4C8402B49F9F100D1AE76 /* Job+CoreDataProperties.swift in Sources */,
				B5F4C8392B49F8A100D1AE76 /* Shift+CoreDataClass.swift in Sources */,
				07AB10DB2B261D7000817888 /* AddJobV.swift in Sources */,
				07AB10D22B2593AE00817888 /* AddShiftV.swift in Sources */,
			);
			runOnlyForDeploymentPostprocessing = 0;
		};
/* End PBXSourcesBuildPhase section */

/* Begin XCBuildConfiguration section */
		07C448C32B257A8900AA0FA8 /* Debug */ = {
			isa = XCBuildConfiguration;
			buildSettings = {
				ALWAYS_SEARCH_USER_PATHS = NO;
				ASSETCATALOG_COMPILER_GENERATE_SWIFT_ASSET_SYMBOL_EXTENSIONS = YES;
				CLANG_ANALYZER_NONNULL = YES;
				CLANG_ANALYZER_NUMBER_OBJECT_CONVERSION = YES_AGGRESSIVE;
				CLANG_CXX_LANGUAGE_STANDARD = "gnu++20";
				CLANG_ENABLE_MODULES = YES;
				CLANG_ENABLE_OBJC_ARC = YES;
				CLANG_ENABLE_OBJC_WEAK = YES;
				CLANG_WARN_BLOCK_CAPTURE_AUTORELEASING = YES;
				CLANG_WARN_BOOL_CONVERSION = YES;
				CLANG_WARN_COMMA = YES;
				CLANG_WARN_CONSTANT_CONVERSION = YES;
				CLANG_WARN_DEPRECATED_OBJC_IMPLEMENTATIONS = YES;
				CLANG_WARN_DIRECT_OBJC_ISA_USAGE = YES_ERROR;
				CLANG_WARN_DOCUMENTATION_COMMENTS = YES;
				CLANG_WARN_EMPTY_BODY = YES;
				CLANG_WARN_ENUM_CONVERSION = YES;
				CLANG_WARN_INFINITE_RECURSION = YES;
				CLANG_WARN_INT_CONVERSION = YES;
				CLANG_WARN_NON_LITERAL_NULL_CONVERSION = YES;
				CLANG_WARN_OBJC_IMPLICIT_RETAIN_SELF = YES;
				CLANG_WARN_OBJC_LITERAL_CONVERSION = YES;
				CLANG_WARN_OBJC_ROOT_CLASS = YES_ERROR;
				CLANG_WARN_QUOTED_INCLUDE_IN_FRAMEWORK_HEADER = YES;
				CLANG_WARN_RANGE_LOOP_ANALYSIS = YES;
				CLANG_WARN_STRICT_PROTOTYPES = YES;
				CLANG_WARN_SUSPICIOUS_MOVE = YES;
				CLANG_WARN_UNGUARDED_AVAILABILITY = YES_AGGRESSIVE;
				CLANG_WARN_UNREACHABLE_CODE = YES;
				CLANG_WARN__DUPLICATE_METHOD_MATCH = YES;
				COPY_PHASE_STRIP = NO;
				DEBUG_INFORMATION_FORMAT = dwarf;
				ENABLE_STRICT_OBJC_MSGSEND = YES;
				ENABLE_TESTABILITY = YES;
				ENABLE_USER_SCRIPT_SANDBOXING = YES;
				GCC_C_LANGUAGE_STANDARD = gnu17;
				GCC_DYNAMIC_NO_PIC = NO;
				GCC_NO_COMMON_BLOCKS = YES;
				GCC_OPTIMIZATION_LEVEL = 0;
				GCC_PREPROCESSOR_DEFINITIONS = (
					"DEBUG=1",
					"$(inherited)",
				);
				GCC_WARN_64_TO_32_BIT_CONVERSION = YES;
				GCC_WARN_ABOUT_RETURN_TYPE = YES_ERROR;
				GCC_WARN_UNDECLARED_SELECTOR = YES;
				GCC_WARN_UNINITIALIZED_AUTOS = YES_AGGRESSIVE;
				GCC_WARN_UNUSED_FUNCTION = YES;
				GCC_WARN_UNUSED_VARIABLE = YES;
				IPHONEOS_DEPLOYMENT_TARGET = 17.2;
				LOCALIZATION_PREFERS_STRING_CATALOGS = YES;
				MTL_ENABLE_DEBUG_INFO = INCLUDE_SOURCE;
				MTL_FAST_MATH = YES;
				ONLY_ACTIVE_ARCH = YES;
				SDKROOT = iphoneos;
				SWIFT_ACTIVE_COMPILATION_CONDITIONS = "DEBUG $(inherited)";
				SWIFT_OPTIMIZATION_LEVEL = "-Onone";
			};
			name = Debug;
		};
		07C448C42B257A8900AA0FA8 /* Release */ = {
			isa = XCBuildConfiguration;
			buildSettings = {
				ALWAYS_SEARCH_USER_PATHS = NO;
				ASSETCATALOG_COMPILER_GENERATE_SWIFT_ASSET_SYMBOL_EXTENSIONS = YES;
				CLANG_ANALYZER_NONNULL = YES;
				CLANG_ANALYZER_NUMBER_OBJECT_CONVERSION = YES_AGGRESSIVE;
				CLANG_CXX_LANGUAGE_STANDARD = "gnu++20";
				CLANG_ENABLE_MODULES = YES;
				CLANG_ENABLE_OBJC_ARC = YES;
				CLANG_ENABLE_OBJC_WEAK = YES;
				CLANG_WARN_BLOCK_CAPTURE_AUTORELEASING = YES;
				CLANG_WARN_BOOL_CONVERSION = YES;
				CLANG_WARN_COMMA = YES;
				CLANG_WARN_CONSTANT_CONVERSION = YES;
				CLANG_WARN_DEPRECATED_OBJC_IMPLEMENTATIONS = YES;
				CLANG_WARN_DIRECT_OBJC_ISA_USAGE = YES_ERROR;
				CLANG_WARN_DOCUMENTATION_COMMENTS = YES;
				CLANG_WARN_EMPTY_BODY = YES;
				CLANG_WARN_ENUM_CONVERSION = YES;
				CLANG_WARN_INFINITE_RECURSION = YES;
				CLANG_WARN_INT_CONVERSION = YES;
				CLANG_WARN_NON_LITERAL_NULL_CONVERSION = YES;
				CLANG_WARN_OBJC_IMPLICIT_RETAIN_SELF = YES;
				CLANG_WARN_OBJC_LITERAL_CONVERSION = YES;
				CLANG_WARN_OBJC_ROOT_CLASS = YES_ERROR;
				CLANG_WARN_QUOTED_INCLUDE_IN_FRAMEWORK_HEADER = YES;
				CLANG_WARN_RANGE_LOOP_ANALYSIS = YES;
				CLANG_WARN_STRICT_PROTOTYPES = YES;
				CLANG_WARN_SUSPICIOUS_MOVE = YES;
				CLANG_WARN_UNGUARDED_AVAILABILITY = YES_AGGRESSIVE;
				CLANG_WARN_UNREACHABLE_CODE = YES;
				CLANG_WARN__DUPLICATE_METHOD_MATCH = YES;
				COPY_PHASE_STRIP = NO;
				DEBUG_INFORMATION_FORMAT = "dwarf-with-dsym";
				ENABLE_NS_ASSERTIONS = NO;
				ENABLE_STRICT_OBJC_MSGSEND = YES;
				ENABLE_USER_SCRIPT_SANDBOXING = YES;
				GCC_C_LANGUAGE_STANDARD = gnu17;
				GCC_NO_COMMON_BLOCKS = YES;
				GCC_WARN_64_TO_32_BIT_CONVERSION = YES;
				GCC_WARN_ABOUT_RETURN_TYPE = YES_ERROR;
				GCC_WARN_UNDECLARED_SELECTOR = YES;
				GCC_WARN_UNINITIALIZED_AUTOS = YES_AGGRESSIVE;
				GCC_WARN_UNUSED_FUNCTION = YES;
				GCC_WARN_UNUSED_VARIABLE = YES;
				IPHONEOS_DEPLOYMENT_TARGET = 17.2;
				LOCALIZATION_PREFERS_STRING_CATALOGS = YES;
				MTL_ENABLE_DEBUG_INFO = NO;
				MTL_FAST_MATH = YES;
				SDKROOT = iphoneos;
				SWIFT_COMPILATION_MODE = wholemodule;
				VALIDATE_PRODUCT = YES;
			};
			name = Release;
		};
		07C448C62B257A8900AA0FA8 /* Debug */ = {
			isa = XCBuildConfiguration;
			baseConfigurationReference = 11399129BFFD33295D1592D8 /* Pods-OurTrakr.debug.xcconfig */;
			buildSettings = {
				ASSETCATALOG_COMPILER_APPICON_NAME = AppIcon;
				ASSETCATALOG_COMPILER_GLOBAL_ACCENT_COLOR_NAME = AccentColor;
				CODE_SIGN_STYLE = Automatic;
				CURRENT_PROJECT_VERSION = 1;
				DEVELOPMENT_ASSET_PATHS = "\"OurTrakr/Preview Content\"";
				DEVELOPMENT_TEAM = 68A766T4GX;
				ENABLE_PREVIEWS = YES;
				ENABLE_USER_SCRIPT_SANDBOXING = NO;
				GENERATE_INFOPLIST_FILE = YES;
				INFOPLIST_KEY_CFBundleDisplayName = "Our Trakr";
				INFOPLIST_KEY_UIApplicationSceneManifest_Generation = YES;
				INFOPLIST_KEY_UIApplicationSupportsIndirectInputEvents = YES;
				INFOPLIST_KEY_UILaunchScreen_Generation = YES;
				INFOPLIST_KEY_UISupportedInterfaceOrientations = "UIInterfaceOrientationLandscapeLeft UIInterfaceOrientationLandscapeRight UIInterfaceOrientationPortrait UIInterfaceOrientationPortraitUpsideDown";
				IPHONEOS_DEPLOYMENT_TARGET = 16.0;
				LD_RUNPATH_SEARCH_PATHS = (
					"$(inherited)",
					"@executable_path/Frameworks",
				);
				MARKETING_VERSION = 1.0;
				PRODUCT_BUNDLE_IDENTIFIER = com.RobertsHousehold.OurTrakr;
				PRODUCT_NAME = "$(TARGET_NAME)";
				SWIFT_EMIT_LOC_STRINGS = YES;
				SWIFT_VERSION = 5.0;
				TARGETED_DEVICE_FAMILY = "1,2";
			};
			name = Debug;
		};
		07C448C72B257A8900AA0FA8 /* Release */ = {
			isa = XCBuildConfiguration;
			baseConfigurationReference = F57412C1E27CB51E876530FD /* Pods-OurTrakr.release.xcconfig */;
			buildSettings = {
				ASSETCATALOG_COMPILER_APPICON_NAME = AppIcon;
				ASSETCATALOG_COMPILER_GLOBAL_ACCENT_COLOR_NAME = AccentColor;
				CODE_SIGN_STYLE = Automatic;
				CURRENT_PROJECT_VERSION = 1;
				DEVELOPMENT_ASSET_PATHS = "\"OurTrakr/Preview Content\"";
				DEVELOPMENT_TEAM = 68A766T4GX;
				ENABLE_PREVIEWS = YES;
				ENABLE_USER_SCRIPT_SANDBOXING = NO;
				GENERATE_INFOPLIST_FILE = YES;
				INFOPLIST_KEY_CFBundleDisplayName = "Our Trakr";
				INFOPLIST_KEY_UIApplicationSceneManifest_Generation = YES;
				INFOPLIST_KEY_UIApplicationSupportsIndirectInputEvents = YES;
				INFOPLIST_KEY_UILaunchScreen_Generation = YES;
				INFOPLIST_KEY_UISupportedInterfaceOrientations = "UIInterfaceOrientationLandscapeLeft UIInterfaceOrientationLandscapeRight UIInterfaceOrientationPortrait UIInterfaceOrientationPortraitUpsideDown";
				IPHONEOS_DEPLOYMENT_TARGET = 16.0;
				LD_RUNPATH_SEARCH_PATHS = (
					"$(inherited)",
					"@executable_path/Frameworks",
				);
				MARKETING_VERSION = 1.0;
				PRODUCT_BUNDLE_IDENTIFIER = com.RobertsHousehold.OurTrakr;
				PRODUCT_NAME = "$(TARGET_NAME)";
				SWIFT_EMIT_LOC_STRINGS = YES;
				SWIFT_VERSION = 5.0;
				TARGETED_DEVICE_FAMILY = "1,2";
			};
			name = Release;
		};
/* End XCBuildConfiguration section */

/* Begin XCConfigurationList section */
		07C448B22B257A8700AA0FA8 /* Build configuration list for PBXProject "OurTrakr" */ = {
			isa = XCConfigurationList;
			buildConfigurations = (
				07C448C32B257A8900AA0FA8 /* Debug */,
				07C448C42B257A8900AA0FA8 /* Release */,
			);
			defaultConfigurationIsVisible = 0;
			defaultConfigurationName = Release;
		};
		07C448C52B257A8900AA0FA8 /* Build configuration list for PBXNativeTarget "OurTrakr" */ = {
			isa = XCConfigurationList;
			buildConfigurations = (
				07C448C62B257A8900AA0FA8 /* Debug */,
				07C448C72B257A8900AA0FA8 /* Release */,
			);
			defaultConfigurationIsVisible = 0;
			defaultConfigurationName = Release;
		};
/* End XCConfigurationList section */

/* Begin XCVersionGroup section */
		07AB10B02B257FC200817888 /* OurTrakr.xcdatamodeld */ = {
			isa = XCVersionGroup;
			children = (
				07AB10B12B257FC200817888 /* OurTrakr.xcdatamodel */,
			);
			currentVersion = 07AB10B12B257FC200817888 /* OurTrakr.xcdatamodel */;
			path = OurTrakr.xcdatamodeld;
			sourceTree = "<group>";
			versionGroupType = wrapper.xcdatamodel;
		};
/* End XCVersionGroup section */
	};
	rootObject = 07C448AF2B257A8700AA0FA8 /* Project object */;
}
